{
  "pins" : [
    {
      "identity" : "cdk-swift",
      "kind" : "remoteSourceControl",
      "location" : "https://github.com/cashubtc/cdk-swift",
      "state" : {
        "revision" : "5d6d623386e5ef248218122c93fcf564d137685d",
        "version" : "0.17.1"
      }
    }
  ],
  "version" : 2
}
